{
    "_readme": [
        "This file locks the dependencies of your project to a known state",
        "Read more about it at https://getcomposer.org/doc/01-basic-usage.md#composer-lock-the-lock-file",
        "This file is @generated automatically"
    ],
    "hash": "9810061d7a3e337dacac02e432d6b89f",
    "packages": [
        {
            "name": "components/font-awesome",
            "version": "4.3.0",
            "source": {
                "type": "git",
                "url": "https://github.com/components/font-awesome.git",
                "reference": "73acf4d65eadd8d127bafc7bd510240ea3979e83"
            },
            "dist": {
                "type": "zip",
                "url": "https://api.github.com/repos/components/font-awesome/zipball/73acf4d65eadd8d127bafc7bd510240ea3979e83",
                "reference": "73acf4d65eadd8d127bafc7bd510240ea3979e83",
                "shasum": ""
            },
            "type": "component",
            "extra": {
                "branch-alias": {
                    "dev-master": "4.3.x-dev"
                },
                "component": {
                    "styles": [
                        "css/font-awesome.css"
                    ],
                    "files": [
                        "css/font-awesome.min.css",
                        "fonts/*"
                    ]
                }
            },
            "notification-url": "https://packagist.org/downloads/",
            "license": [
                "MIT",
                "OFL-1.1"
            ],
            "description": "The iconic font designed for use with Twitter Bootstrap.",
            "time": "2015-01-26 11:26:16"
        },
        {
            "name": "components/jquery",
            "version": "2.1.4",
            "source": {
                "type": "git",
                "url": "https://github.com/components/jquery.git",
                "reference": "7b1d1104656a092423fbfba13c5920e9bbba290c"
            },
            "dist": {
                "type": "zip",
                "url": "https://api.github.com/repos/components/jquery/zipball/7b1d1104656a092423fbfba13c5920e9bbba290c",
                "reference": "7b1d1104656a092423fbfba13c5920e9bbba290c",
                "shasum": ""
            },
            "type": "component",
            "extra": {
                "component": {
                    "scripts": [
                        "jquery.js"
                    ],
                    "files": [
                        "jquery.min.js",
                        "jquery.min.map",
                        "jquery-migrate.js",
                        "jquery-migrate.min.js"
                    ]
                }
            },
            "notification-url": "https://packagist.org/downloads/",
            "license": [
                "MIT"
            ],
            "authors": [
                {
                    "name": "John Resig",
                    "email": "jeresig@gmail.com"
                }
            ],
            "description": "jQuery JavaScript Library",
            "homepage": "http://jquery.com",
            "time": "2015-05-08 05:04:47"
        },
        {
            "name": "components/jqueryui",
            "version": "1.11.4",
            "source": {
                "type": "git",
                "url": "https://github.com/components/jqueryui.git",
                "reference": "c34f8dbf3ba57b3784b93f26119f436c0e8288e1"
            },
            "dist": {
                "type": "zip",
                "url": "https://api.github.com/repos/components/jqueryui/zipball/c34f8dbf3ba57b3784b93f26119f436c0e8288e1",
                "reference": "c34f8dbf3ba57b3784b93f26119f436c0e8288e1",
                "shasum": ""
            },
            "require": {
                "components/jquery": ">=1.6"
            },
            "type": "component",
            "extra": {
                "component": {
                    "name": "jquery-ui",
                    "scripts": [
                        "jquery-ui.js"
                    ],
                    "files": [
                        "ui/**",
                        "themes/**",
                        "jquery-ui.min.js"
                    ],
                    "shim": {
                        "deps": [
                            "jquery"
                        ],
                        "exports": "jQuery"
                    }
                }
            },
            "notification-url": "https://packagist.org/downloads/",
            "license": [
                "MIT"
            ],
            "authors": [
                {
                    "name": "jQuery UI Team",
                    "homepage": "http://jqueryui.com/about"
                },
                {
                    "name": "Joern Zaefferer",
                    "email": "joern.zaefferer@gmail.com",
                    "homepage": "http://bassistance.de"
                },
                {
                    "name": "Scott Gonzalez",
                    "email": "scott.gonzalez@gmail.com",
                    "homepage": "http://scottgonzalez.com"
                },
                {
                    "name": "Kris Borchers",
                    "email": "kris.borchers@gmail.com",
                    "homepage": "http://krisborchers.com"
                },
                {
                    "name": "Mike Sherov",
                    "email": "mike.sherov@gmail.com",
                    "homepage": "http://mike.sherov.com"
                },
                {
                    "name": "TJ VanToll",
                    "email": "tj.vantoll@gmail.com",
                    "homepage": "http://tjvantoll.com"
                },
                {
                    "name": "Corey Frang",
                    "email": "gnarf37@gmail.com",
                    "homepage": "http://gnarf.net"
                },
                {
                    "name": "Felix Nagel",
                    "email": "info@felixnagel.com",
                    "homepage": "http://www.felixnagel.com"
                }
            ],
            "description": "jQuery UI is a curated set of user interface interactions, effects, widgets, and themes built on top of the jQuery JavaScript Library. Whether you're building highly interactive web applications or you just need to add a date picker to a form control, jQuery UI is the perfect choice.",
            "time": "2015-03-13 14:48:12"
        },
        {
            "name": "dg/rss-php",
            "version": "v1.2",
            "source": {
                "type": "git",
                "url": "https://github.com/dg/rss-php.git",
                "reference": "b33661748d89d8c0c288e8d86feada6018d05031"
            },
            "dist": {
                "type": "zip",
                "url": "https://api.github.com/repos/dg/rss-php/zipball/b33661748d89d8c0c288e8d86feada6018d05031",
                "reference": "b33661748d89d8c0c288e8d86feada6018d05031",
                "shasum": ""
            },
            "require": {
                "php": ">=5.2.2"
            },
            "type": "library",
            "autoload": {
                "classmap": [
                    "src/"
                ]
            },
            "notification-url": "https://packagist.org/downloads/",
            "license": [
                "BSD-3-Clause"
            ],
            "authors": [
                {
                    "name": "David Grudl",
                    "homepage": "http://davidgrudl.com"
                }
            ],
            "description": "RSS & Atom Feeds for PHP is a very small and easy-to-use library for consuming an RSS and Atom feed",
            "homepage": "https://github.com/dg/rss-php",
            "keywords": [
                "atom",
                "feed",
                "rss"
            ],
            "time": "2015-07-02 11:54:05"
        },
        {
            "name": "dibi/dibi",
            "version": "v2.3.2",
            "source": {
                "type": "git",
                "url": "https://github.com/dg/dibi.git",
                "reference": "7762da1bbbcbffc97515cff47b118be63244834c"
            },
            "dist": {
                "type": "zip",
                "url": "https://api.github.com/repos/dg/dibi/zipball/7762da1bbbcbffc97515cff47b118be63244834c",
                "reference": "7762da1bbbcbffc97515cff47b118be63244834c",
                "shasum": ""
            },
            "require": {
                "php": ">=5.2.0"
            },
            "replace": {
                "dg/dibi": "self.version"
            },
            "require-dev": {
                "nette/tester": "~1.3",
                "tracy/tracy": "~2.2"
            },
            "type": "library",
            "extra": {
                "branch-alias": {
                    "dev-master": "2.3-dev"
                }
            },
            "autoload": {
                "classmap": [
                    "dibi/"
                ]
            },
            "notification-url": "https://packagist.org/downloads/",
            "license": [
                "BSD-3-Clause",
                "GPL-2.0",
                "GPL-3.0"
            ],
            "authors": [
                {
                    "name": "David Grudl",
                    "homepage": "http://davidgrudl.com"
                }
            ],
            "description": "Dibi is Database Abstraction Library for PHP",
            "homepage": "http://dibiphp.com",
            "keywords": [
                "access",
                "database",
                "dbal",
                "mssql",
                "mysql",
                "odbc",
                "oracle",
                "pdo",
                "postgresql",
                "sqlite"
            ],
            "time": "2015-04-18 14:26:53"
        },
        {
            "name": "drmonty/chosen",
            "version": "1.4.2",
            "source": {
                "type": "git",
                "url": "https://github.com/drmonty/chosen.git",
                "reference": "cfc9481dcb3541e849a33828e424cbc5d0861d4f"
            },
            "dist": {
                "type": "zip",
                "url": "https://api.github.com/repos/drmonty/chosen/zipball/cfc9481dcb3541e849a33828e424cbc5d0861d4f",
                "reference": "cfc9481dcb3541e849a33828e424cbc5d0861d4f",
                "shasum": ""
            },
            "require": {
                "components/jquery": ">=1.4.4"
            },
            "type": "component",
            "extra": {
                "component": {
                    "scripts": [
                        "chosen.jquery.js"
                    ],
                    "files": [
                        "js/chosen.jquery.min.js",
                        "js/chosen.proto.min.js",
                        "css/chosen.min.css",
                        "css/*.png"
                    ],
                    "shim": {
                        "deps": [
                            "jquery"
                        ]
                    }
                }
            },
            "notification-url": "https://packagist.org/downloads/",
            "license": [
                "MIT"
            ],
            "description": "Chosen is a library for making long, unwieldy select boxes more friendly.",
            "homepage": "http://harvesthq.github.io/chosen/",
            "keywords": [
                "dropdown",
                "form",
                "input",
                "multiselect",
                "select",
                "ui"
            ],
            "time": "2015-03-30 06:20:49"
        }
    ],
    "packages-dev": [],
    "aliases": [],
    "minimum-stability": "stable",
    "stability-flags": [],
    "prefer-stable": false,
    "prefer-lowest": false,
    "platform": [],
    "platform-dev": []
}
